
Microsoft Visual Studio Solution File, Format Version 12.00
# Visual Studio Version 17
VisualStudioVersion = 17.6.33829.357
MinimumVisualStudioVersion = 10.0.40219.1
Project("{FAE04EC0-301F-11D3-BF4B-00C04F79EFBC}") = "Server", "Server.csproj", "{4E891606-1EAE-4230-997B-1315E106D87E}"
EndProject
Global
	GlobalSection(SolutionConfigurationPlatforms) = preSolution
		Debug|Any CPU = Debug|Any CPU
		Release|Any CPU = Release|Any CPU
	EndGlobalSection
	GlobalSection(ProjectConfigurationPlatforms) = postSolution
		{4E891606-1EAE-4230-997B-1315E106D87E}.Debug|Any CPU.ActiveCfg = Debug|Any CPU
		{4E891606-1EAE-4230-997B-1315E106D87E}.Debug|Any CPU.Build.0 = Debug|Any CPU
		{4E891606-1EAE-4230-997B-1315E106D87E}.Release|Any CPU.ActiveCfg = Release|Any CPU
		{4E891606-1EAE-4230-997B-1315E106D87E}.Release|Any CPU.Build.0 = Release|Any CPU
	EndGlobalSection
	GlobalSection(SolutionProperties) = preSolution
		HideSolutionNode = FALSE
	EndGlobalSection
	GlobalSection(ExtensibilityGlobals) = postSolution
		SolutionGuid = {1C797C81-DC5E-4367-810D-6EB62E987EE1}
	EndGlobalSection
EndGlobal
